{
    "_readme": [
        "This file locks the dependencies of your project to a known state",
        "Read more about it at https://getcomposer.org/doc/01-basic-usage.md#installing-dependencies",
        "This file is @generated automatically"
    ],
    "content-hash": "8bc9f88141cedd277e585f17a61d8bb9",
    "packages": [
        {
            "name": "wpspace/pulse-sdk",
            "version": "dev-main",
            "dist": {
                "type": "path",
                "url": "../pulse-sdk",
                "reference": "c2098c89e4ade88860879c1f33691ce632ac5cd5"
            },
            "require": {
                "php": ">=7.4"
            },
            "type": "library",
            "autoload": {
                "psr-4": {
                    "WPSpace\\Pulse\\": "src/"
                }
            },
            "license": [
                "MIT"
            ],
            "description": "Self-hosted plugin analytics SDK for PluginPulse – tracks activations, deactivations, and usage data.",
            "transport-options": {
                "relative": true
            }
        }
    ],
    "packages-dev": [],
    "aliases": [],
    "minimum-stability": "stable",
    "stability-flags": {
        "wpspace/pulse-sdk": 20
    },
    "prefer-stable": false,
    "prefer-lowest": false,
    "platform": {},
    "platform-dev": {},
    "plugin-api-version": "2.6.0"
}
